
Microsoft Visual Studio Solution File, Format Version 12.00
# Visual Studio Version 17
VisualStudioVersion = 17.4.33122.133
MinimumVisualStudioVersion = 10.0.40219.1
Project("{FAE04EC0-301F-11D3-BF4B-00C04F79EFBC}") = "2-practice", "2-practice.csproj", "{116A5261-52C6-4D42-8EE9-0DFE92B2F606}"
EndProject
Global
	GlobalSection(SolutionConfigurationPlatforms) = preSolution
		Debug|Any CPU = Debug|Any CPU
		Release|Any CPU = Release|Any CPU
	EndGlobalSection
	GlobalSection(ProjectConfigurationPlatforms) = postSolution
		{116A5261-52C6-4D42-8EE9-0DFE92B2F606}.Debug|Any CPU.ActiveCfg = Debug|Any CPU
		{116A5261-52C6-4D42-8EE9-0DFE92B2F606}.Debug|Any CPU.Build.0 = Debug|Any CPU
		{116A5261-52C6-4D42-8EE9-0DFE92B2F606}.Release|Any CPU.ActiveCfg = Release|Any CPU
		{116A5261-52C6-4D42-8EE9-0DFE92B2F606}.Release|Any CPU.Build.0 = Release|Any CPU
	EndGlobalSection
	GlobalSection(SolutionProperties) = preSolution
		HideSolutionNode = FALSE
	EndGlobalSection
	GlobalSection(ExtensibilityGlobals) = postSolution
		SolutionGuid = {D385D398-107E-4515-AB2B-331D99F1F261}
	EndGlobalSection
EndGlobal
